
Microsoft Visual Studio Solution File, Format Version 12.00
# Visual Studio 15
VisualStudioVersion = 15.0.28307.489
MinimumVisualStudioVersion = 10.0.40219.1
Project("{FAE04EC0-301F-11D3-BF4B-00C04F79EFBC}") = "Makale.Web", "Makale.Web\Makale.Web.csproj", "{B6B9E2EF-3ED2-4B05-BE23-9CA822A8195D}"
EndProject
Project("{FAE04EC0-301F-11D3-BF4B-00C04F79EFBC}") = "Makale.Api", "Makale.Api\Makale.Api.csproj", "{63FD8708-AD43-49D5-949D-750B970DAAA7}"
EndProject
Project("{FAE04EC0-301F-11D3-BF4B-00C04F79EFBC}") = "Makale.Entities", "Makale.Entities\Makale.Entities.csproj", "{BE368A25-3CC0-418F-AC47-F62864F4F90E}"
EndProject
Project("{FAE04EC0-301F-11D3-BF4B-00C04F79EFBC}") = "Makale.DataAccess", "Makale.DataAccess\Makale.DataAccess.csproj", "{0E1C0EA1-2E7A-4A02-A845-1394948CFC93}"
EndProject
Project("{FAE04EC0-301F-11D3-BF4B-00C04F79EFBC}") = "Makale.Business", "Makale.Business\Makale.Business.csproj", "{EA92B167-8688-4641-B327-F07418B37B71}"
EndProject
Global
	GlobalSection(SolutionConfigurationPlatforms) = preSolution
		Debug|Any CPU = Debug|Any CPU
		Release|Any CPU = Release|Any CPU
	EndGlobalSection
	GlobalSection(ProjectConfigurationPlatforms) = postSolution
		{B6B9E2EF-3ED2-4B05-BE23-9CA822A8195D}.Debug|Any CPU.ActiveCfg = Debug|Any CPU
		{B6B9E2EF-3ED2-4B05-BE23-9CA822A8195D}.Debug|Any CPU.Build.0 = Debug|Any CPU
		{B6B9E2EF-3ED2-4B05-BE23-9CA822A8195D}.Release|Any CPU.ActiveCfg = Release|Any CPU
		{B6B9E2EF-3ED2-4B05-BE23-9CA822A8195D}.Release|Any CPU.Build.0 = Release|Any CPU
		{63FD8708-AD43-49D5-949D-750B970DAAA7}.Debug|Any CPU.ActiveCfg = Debug|Any CPU
		{63FD8708-AD43-49D5-949D-750B970DAAA7}.Debug|Any CPU.Build.0 = Debug|Any CPU
		{63FD8708-AD43-49D5-949D-750B970DAAA7}.Release|Any CPU.ActiveCfg = Release|Any CPU
		{63FD8708-AD43-49D5-949D-750B970DAAA7}.Release|Any CPU.Build.0 = Release|Any CPU
		{BE368A25-3CC0-418F-AC47-F62864F4F90E}.Debug|Any CPU.ActiveCfg = Debug|Any CPU
		{BE368A25-3CC0-418F-AC47-F62864F4F90E}.Debug|Any CPU.Build.0 = Debug|Any CPU
		{BE368A25-3CC0-418F-AC47-F62864F4F90E}.Release|Any CPU.ActiveCfg = Release|Any CPU
		{BE368A25-3CC0-418F-AC47-F62864F4F90E}.Release|Any CPU.Build.0 = Release|Any CPU
		{0E1C0EA1-2E7A-4A02-A845-1394948CFC93}.Debug|Any CPU.ActiveCfg = Debug|Any CPU
		{0E1C0EA1-2E7A-4A02-A845-1394948CFC93}.Debug|Any CPU.Build.0 = Debug|Any CPU
		{0E1C0EA1-2E7A-4A02-A845-1394948CFC93}.Release|Any CPU.ActiveCfg = Release|Any CPU
		{0E1C0EA1-2E7A-4A02-A845-1394948CFC93}.Release|Any CPU.Build.0 = Release|Any CPU
		{EA92B167-8688-4641-B327-F07418B37B71}.Debug|Any CPU.ActiveCfg = Debug|Any CPU
		{EA92B167-8688-4641-B327-F07418B37B71}.Debug|Any CPU.Build.0 = Debug|Any CPU
		{EA92B167-8688-4641-B327-F07418B37B71}.Release|Any CPU.ActiveCfg = Release|Any CPU
		{EA92B167-8688-4641-B327-F07418B37B71}.Release|Any CPU.Build.0 = Release|Any CPU
	EndGlobalSection
	GlobalSection(SolutionProperties) = preSolution
		HideSolutionNode = FALSE
	EndGlobalSection
	GlobalSection(ExtensibilityGlobals) = postSolution
		SolutionGuid = {10F48FF5-7E64-48CD-A4D0-AD266AA1EC0E}
	EndGlobalSection
EndGlobal
